
Microsoft Visual Studio Solution File, Format Version 12.00
# Visual Studio Version 17
VisualStudioVersion = 17.1.32210.238
MinimumVisualStudioVersion = 10.0.40219.1
Project("{9A19103F-16F7-4668-BE54-9A1E7A4F7556}") = "ServerNew", "ServerNew\ServerNew.csproj", "{C8E282CB-775F-4168-B318-7FA2579E2654}"
EndProject
Project("{9A19103F-16F7-4668-BE54-9A1E7A4F7556}") = "ClientNew", "ClientNew\ClientNew.csproj", "{AC9301D0-6CD8-46A8-A4BD-8B2D82DF0A1D}"
EndProject
Global
	GlobalSection(SolutionConfigurationPlatforms) = preSolution
		Debug|Any CPU = Debug|Any CPU
		Release|Any CPU = Release|Any CPU
	EndGlobalSection
	GlobalSection(ProjectConfigurationPlatforms) = postSolution
		{C8E282CB-775F-4168-B318-7FA2579E2654}.Debug|Any CPU.ActiveCfg = Debug|Any CPU
		{C8E282CB-775F-4168-B318-7FA2579E2654}.Debug|Any CPU.Build.0 = Debug|Any CPU
		{C8E282CB-775F-4168-B318-7FA2579E2654}.Release|Any CPU.ActiveCfg = Release|Any CPU
		{C8E282CB-775F-4168-B318-7FA2579E2654}.Release|Any CPU.Build.0 = Release|Any CPU
		{AC9301D0-6CD8-46A8-A4BD-8B2D82DF0A1D}.Debug|Any CPU.ActiveCfg = Debug|Any CPU
		{AC9301D0-6CD8-46A8-A4BD-8B2D82DF0A1D}.Debug|Any CPU.Build.0 = Debug|Any CPU
		{AC9301D0-6CD8-46A8-A4BD-8B2D82DF0A1D}.Release|Any CPU.ActiveCfg = Release|Any CPU
		{AC9301D0-6CD8-46A8-A4BD-8B2D82DF0A1D}.Release|Any CPU.Build.0 = Release|Any CPU
	EndGlobalSection
	GlobalSection(SolutionProperties) = preSolution
		HideSolutionNode = FALSE
	EndGlobalSection
	GlobalSection(ExtensibilityGlobals) = postSolution
		SolutionGuid = {29D93C29-D10D-4593-B060-EA984CEFD152}
	EndGlobalSection
EndGlobal
